
Microsoft Visual Studio Solution File, Format Version 12.00
# Visual Studio Version 17
VisualStudioVersion = 17.7.34202.233
MinimumVisualStudioVersion = 10.0.40219.1
Project("{FAE04EC0-301F-11D3-BF4B-00C04F79EFBC}") = "InterfazEscritorio", "InterfazEscritorio\InterfazEscritorio.csproj", "{F66967AC-C4D9-46E0-A381-BAE5788E3834}"
EndProject
Global
	GlobalSection(SolutionConfigurationPlatforms) = preSolution
		Debug|Any CPU = Debug|Any CPU
		Release|Any CPU = Release|Any CPU
	EndGlobalSection
	GlobalSection(ProjectConfigurationPlatforms) = postSolution
		{F66967AC-C4D9-46E0-A381-BAE5788E3834}.Debug|Any CPU.ActiveCfg = Debug|Any CPU
		{F66967AC-C4D9-46E0-A381-BAE5788E3834}.Debug|Any CPU.Build.0 = Debug|Any CPU
		{F66967AC-C4D9-46E0-A381-BAE5788E3834}.Release|Any CPU.ActiveCfg = Release|Any CPU
		{F66967AC-C4D9-46E0-A381-BAE5788E3834}.Release|Any CPU.Build.0 = Release|Any CPU
	EndGlobalSection
	GlobalSection(SolutionProperties) = preSolution
		HideSolutionNode = FALSE
	EndGlobalSection
	GlobalSection(ExtensibilityGlobals) = postSolution
		SolutionGuid = {AAA6B954-4680-422F-9DA1-71DF7ABA3A28}
	EndGlobalSection
EndGlobal
